
Microsoft Visual Studio Solution File, Format Version 12.00
# Visual Studio Version 17
VisualStudioVersion = 17.10.35027.167
MinimumVisualStudioVersion = 10.0.40219.1
Project("{9A19103F-16F7-4668-BE54-9A1E7A4F7556}") = "CustoFuncionarioApp", "CustoFuncionarioApp\CustoFuncionarioApp.csproj", "{8F386AA1-29CD-4420-BA27-929D1E6341DB}"
EndProject
Project("{FAE04EC0-301F-11D3-BF4B-00C04F79EFBC}") = "CustoFuncionarioAppTests", "CustoFuncionarioAppTests\CustoFuncionarioAppTests.csproj", "{A840F4C2-7C8D-4D60-BA6B-D512FEBC08B5}"
EndProject
Global
	GlobalSection(SolutionConfigurationPlatforms) = preSolution
		Debug|Any CPU = Debug|Any CPU
		Release|Any CPU = Release|Any CPU
	EndGlobalSection
	GlobalSection(ProjectConfigurationPlatforms) = postSolution
		{8F386AA1-29CD-4420-BA27-929D1E6341DB}.Debug|Any CPU.ActiveCfg = Debug|Any CPU
		{8F386AA1-29CD-4420-BA27-929D1E6341DB}.Debug|Any CPU.Build.0 = Debug|Any CPU
		{8F386AA1-29CD-4420-BA27-929D1E6341DB}.Release|Any CPU.ActiveCfg = Release|Any CPU
		{8F386AA1-29CD-4420-BA27-929D1E6341DB}.Release|Any CPU.Build.0 = Release|Any CPU
		{A840F4C2-7C8D-4D60-BA6B-D512FEBC08B5}.Debug|Any CPU.ActiveCfg = Debug|Any CPU
		{A840F4C2-7C8D-4D60-BA6B-D512FEBC08B5}.Debug|Any CPU.Build.0 = Debug|Any CPU
		{A840F4C2-7C8D-4D60-BA6B-D512FEBC08B5}.Release|Any CPU.ActiveCfg = Release|Any CPU
		{A840F4C2-7C8D-4D60-BA6B-D512FEBC08B5}.Release|Any CPU.Build.0 = Release|Any CPU
	EndGlobalSection
	GlobalSection(SolutionProperties) = preSolution
		HideSolutionNode = FALSE
	EndGlobalSection
	GlobalSection(ExtensibilityGlobals) = postSolution
		SolutionGuid = {03404581-A44A-4B43-88EC-86C8E19E9F59}
	EndGlobalSection
EndGlobal
